Microsoft Visual Studio Solution File, Format Version 11.00
# Visual Studio 2008

Project("{FEA54C8E-0308-E479-04BD-2542D8B7A260}") = "HomeSweetGnome", "Assembly-CSharp-firstpass.csproj", "{3F2E305E-CEF8-C43F-472E-A98FEEC511D1}"
EndProject
Project("{FEA54C8E-0308-E479-04BD-2542D8B7A260}") = "HomeSweetGnome", "Assembly-CSharp.csproj", "{3998294D-A28B-71E7-9A63-E84258EA9F1B}"
EndProject
Project("{FEA54C8E-0308-E479-04BD-2542D8B7A260}") = "HomeSweetGnome", "Assembly-UnityScript-firstpass.unityproj", "{81D0F8AB-195E-7A73-0432-1EF7758E57DB}"
EndProject
Project("{FEA54C8E-0308-E479-04BD-2542D8B7A260}") = "HomeSweetGnome", "Assembly-UnityScript.unityproj", "{3F424622-9E1B-C4B7-3835-442F28E96473}"
EndProject
Project("{FEA54C8E-0308-E479-04BD-2542D8B7A260}") = "HomeSweetGnome", "Assembly-UnityScript-Editor.unityproj", "{7343B5DB-C034-0C78-B998-697A56B7F0A4}"
EndProject
Global
	GlobalSection(SolutionConfigurationPlatforms) = preSolution
		Debug|Any CPU = Debug|Any CPU
		Release|Any CPU = Release|Any CPU
	EndGlobalSection
	GlobalSection(ProjectConfigurationPlatforms) = postSolution
		{3F2E305E-CEF8-C43F-472E-A98FEEC511D1}.Debug|Any CPU.ActiveCfg = Debug|Any CPU
		{3F2E305E-CEF8-C43F-472E-A98FEEC511D1}.Debug|Any CPU.Build.0 = Debug|Any CPU
		{3F2E305E-CEF8-C43F-472E-A98FEEC511D1}.Release|Any CPU.ActiveCfg = Release|Any CPU
		{3F2E305E-CEF8-C43F-472E-A98FEEC511D1}.Release|Any CPU.Build.0 = Release|Any CPU
		{3998294D-A28B-71E7-9A63-E84258EA9F1B}.Debug|Any CPU.ActiveCfg = Debug|Any CPU
		{3998294D-A28B-71E7-9A63-E84258EA9F1B}.Debug|Any CPU.Build.0 = Debug|Any CPU
		{3998294D-A28B-71E7-9A63-E84258EA9F1B}.Release|Any CPU.ActiveCfg = Release|Any CPU
		{3998294D-A28B-71E7-9A63-E84258EA9F1B}.Release|Any CPU.Build.0 = Release|Any CPU
		{81D0F8AB-195E-7A73-0432-1EF7758E57DB}.Debug|Any CPU.ActiveCfg = Debug|Any CPU
		{81D0F8AB-195E-7A73-0432-1EF7758E57DB}.Debug|Any CPU.Build.0 = Debug|Any CPU
		{81D0F8AB-195E-7A73-0432-1EF7758E57DB}.Release|Any CPU.ActiveCfg = Release|Any CPU
		{81D0F8AB-195E-7A73-0432-1EF7758E57DB}.Release|Any CPU.Build.0 = Release|Any CPU
		{3F424622-9E1B-C4B7-3835-442F28E96473}.Debug|Any CPU.ActiveCfg = Debug|Any CPU
		{3F424622-9E1B-C4B7-3835-442F28E96473}.Debug|Any CPU.Build.0 = Debug|Any CPU
		{3F424622-9E1B-C4B7-3835-442F28E96473}.Release|Any CPU.ActiveCfg = Release|Any CPU
		{3F424622-9E1B-C4B7-3835-442F28E96473}.Release|Any CPU.Build.0 = Release|Any CPU
		{7343B5DB-C034-0C78-B998-697A56B7F0A4}.Debug|Any CPU.ActiveCfg = Debug|Any CPU
		{7343B5DB-C034-0C78-B998-697A56B7F0A4}.Debug|Any CPU.Build.0 = Debug|Any CPU
		{7343B5DB-C034-0C78-B998-697A56B7F0A4}.Release|Any CPU.ActiveCfg = Release|Any CPU
		{7343B5DB-C034-0C78-B998-697A56B7F0A4}.Release|Any CPU.Build.0 = Release|Any CPU
	EndGlobalSection
	GlobalSection(SolutionProperties) = preSolution
		HideSolutionNode = FALSE
	EndGlobalSection
																																																																						GlobalSection(MonoDevelopProperties) = preSolution
																									GlobalSection(MonoDevelopProperties) = preSolution
		StartupItem = Assembly-CSharp.csproj
		Policies = $0
		$0.TextStylePolicy = $1
		$1.inheritsSet = null
		$1.scope = text/x-csharp
		$0.CSharpFormattingPolicy = $2
		$2.inheritsSet = Mono
		$2.inheritsScope = text/x-csharp
		$2.scope = text/x-csharp
		$0.TextStylePolicy = $3
		$3.FileWidth = 120
		$3.TabWidth = 4
		$3.EolMarker = Unix
		$3.inheritsSet = Mono
		$3.inheritsScope = text/plain
		$3.scope = text/plain
	EndGlobalSection

EndGlobal
